<?xml version="1.0" encoding="utf-8"?>
<Project ToolsVersion="4.0" xmlns="http://schemas.microsoft.com/developer/msbuild/2003">
  <ItemGroup>
    <Filter Include="Исходные файлы">
      <UniqueIdentifier>{4FC737F1-C7A5-4376-A066-2A32D752A2FF}</UniqueIdentifier>
      <Extensions>cpp;c;cc;cxx;c++;cppm;ixx;def;odl;idl;hpj;bat;asm;asmx</Extensions>
    </Filter>
    <Filter Include="Файлы заголовков">
      <UniqueIdentifier>{93995380-89BD-4b04-88EB-625FBE52EBFB}</UniqueIdentifier>
      <Extensions>h;hh;hpp;hxx;h++;hm;inl;inc;ipp;xsd</Extensions>
    </Filter>
    <Filter Include="Файлы ресурсов">
      <UniqueIdentifier>{67DA6AB6-F800-4c08-8B7A-83BB121AAD01}</UniqueIdentifier>
      <Extensions>rc;ico;cur;bmp;dlg;rc2;rct;bin;rgs;gif;jpg;jpeg;jpe;resx;tiff;tif;png;wav;mfcribbon-ms</Extensions>
    </Filter>
    <Filter Include="Animation">
      <UniqueIdentifier>{47d35352-6904-4260-81b0-9dbb3c256c69}</UniqueIdentifier>
    </Filter>
    <Filter Include="Abstracts">
      <UniqueIdentifier>{5e32f2ea-3477-4b26-9795-43a242a7d472}</UniqueIdentifier>
    </Filter>
    <Filter Include="Файлы ресурсов\Textures">
      <UniqueIdentifier>{3aabc480-07e2-47bf-a98c-aa326c5600cc}</UniqueIdentifier>
    </Filter>
    <Filter Include="Model">
      <UniqueIdentifier>{b4951d37-363f-4c5b-8576-9c243d38bd86}</UniqueIdentifier>
    </Filter>
    <Filter Include="Camera">
      <UniqueIdentifier>{12eaa95b-8f8d-4162-8176-ab7c76526914}</UniqueIdentifier>
    </Filter>
    <Filter Include="Helps">
      <UniqueIdentifier>{ea51e222-3830-46b3-a996-5ac53855c0bd}</UniqueIdentifier>
    </Filter>
    <Filter Include="ManagersGames">
      <UniqueIdentifier>{76d90553-be61-4458-8a61-b02bb19a55a2}</UniqueIdentifier>
    </Filter>
  </ItemGroup>
  <ItemGroup>
    <ClCompile Include="main.cpp">
      <Filter>Исходные файлы</Filter>
    </ClCompile>
    <ClCompile Include="Game.cpp">
      <Filter>Исходные файлы</Filter>
    </ClCompile>
    <ClCompile Include="Animation.cpp">
      <Filter>Исходные файлы</Filter>
    </ClCompile>
    <ClCompile Include="GameObject.cpp">
      <Filter>Abstracts</Filter>
    </ClCompile>
    <ClCompile Include="Player.cpp">
      <Filter>Model</Filter>
    </ClCompile>
    <ClCompile Include="Camera.cpp">
      <Filter>Camera</Filter>
    </ClCompile>
    <ClCompile Include="Collider.cpp">
      <Filter>Исходные файлы</Filter>
    </ClCompile>
    <ClCompile Include="Help.cpp">
      <Filter>Helps</Filter>
    </ClCompile>
    <ClCompile Include="ManagerGame.cpp">
      <Filter>ManagersGames</Filter>
    </ClCompile>
  </ItemGroup>
  <ItemGroup>
    <ClInclude Include="Game.h">
      <Filter>Файлы заголовков</Filter>
    </ClInclude>
    <ClInclude Include="Animation.h">
      <Filter>Animation</Filter>
    </ClInclude>
    <ClInclude Include="GameObject.h">
      <Filter>Abstracts</Filter>
    </ClInclude>
    <ClInclude Include="Player.h">
      <Filter>Model</Filter>
    </ClInclude>
    <ClInclude Include="Camera.h">
      <Filter>Camera</Filter>
    </ClInclude>
    <ClInclude Include="Collider.h">
      <Filter>Файлы заголовков</Filter>
    </ClInclude>
    <ClInclude Include="Help.h">
      <Filter>Helps</Filter>
    </ClInclude>
    <ClInclude Include="ManagerGame.h">
      <Filter>ManagersGames</Filter>
    </ClInclude>
  </ItemGroup>
  <ItemGroup>
    <Image Include="..\..\Roguelike\Roguelike\Content\Textures\Models\player.png">
      <Filter>Файлы ресурсов\Textures</Filter>
    </Image>
  </ItemGroup>
</Project>